
Microsoft Visual Studio Solution File, Format Version 12.00
# Visual Studio Version 17
VisualStudioVersion = 17.14.36518.9 d17.14
MinimumVisualStudioVersion = 10.0.40219.1
Project("{FAE04EC0-301F-11D3-BF4B-00C04F79EFBC}") = "BusinessObjects", "BusinessObjects\BusinessObjects.csproj", "{0E27FB2D-7BBA-430E-A9BA-80387BEF5B5A}"
EndProject
Project("{FAE04EC0-301F-11D3-BF4B-00C04F79EFBC}") = "DataAccessObjects", "DataAccessObjects\DataAccessObjects.csproj", "{1228A707-C889-4CBF-A11C-6010FAF54BEF}"
EndProject
Project("{FAE04EC0-301F-11D3-BF4B-00C04F79EFBC}") = "Repositories", "Repositories\Repositories.csproj", "{73412DA9-407F-4308-823D-017E3EE03A33}"
EndProject
Project("{FAE04EC0-301F-11D3-BF4B-00C04F79EFBC}") = "Services", "Services\Services.csproj", "{0F01E280-5F2E-417A-8696-EE5B2344F3B7}"
EndProject
Project("{FAE04EC0-301F-11D3-BF4B-00C04F79EFBC}") = "FUNewsManagement", "FUNewsManagement\FUNewsManagement.csproj", "{50A1EA63-F590-45F1-B2AD-BA34BC5C5C1F}"
EndProject
Global
	GlobalSection(SolutionConfigurationPlatforms) = preSolution
		Debug|Any CPU = Debug|Any CPU
		Release|Any CPU = Release|Any CPU
	EndGlobalSection
	GlobalSection(ProjectConfigurationPlatforms) = postSolution
		{0E27FB2D-7BBA-430E-A9BA-80387BEF5B5A}.Debug|Any CPU.ActiveCfg = Debug|Any CPU
		{0E27FB2D-7BBA-430E-A9BA-80387BEF5B5A}.Debug|Any CPU.Build.0 = Debug|Any CPU
		{0E27FB2D-7BBA-430E-A9BA-80387BEF5B5A}.Release|Any CPU.ActiveCfg = Release|Any CPU
		{0E27FB2D-7BBA-430E-A9BA-80387BEF5B5A}.Release|Any CPU.Build.0 = Release|Any CPU
		{1228A707-C889-4CBF-A11C-6010FAF54BEF}.Debug|Any CPU.ActiveCfg = Debug|Any CPU
		{1228A707-C889-4CBF-A11C-6010FAF54BEF}.Debug|Any CPU.Build.0 = Debug|Any CPU
		{1228A707-C889-4CBF-A11C-6010FAF54BEF}.Release|Any CPU.ActiveCfg = Release|Any CPU
		{1228A707-C889-4CBF-A11C-6010FAF54BEF}.Release|Any CPU.Build.0 = Release|Any CPU
		{73412DA9-407F-4308-823D-017E3EE03A33}.Debug|Any CPU.ActiveCfg = Debug|Any CPU
		{73412DA9-407F-4308-823D-017E3EE03A33}.Debug|Any CPU.Build.0 = Debug|Any CPU
		{73412DA9-407F-4308-823D-017E3EE03A33}.Release|Any CPU.ActiveCfg = Release|Any CPU
		{73412DA9-407F-4308-823D-017E3EE03A33}.Release|Any CPU.Build.0 = Release|Any CPU
		{0F01E280-5F2E-417A-8696-EE5B2344F3B7}.Debug|Any CPU.ActiveCfg = Debug|Any CPU
		{0F01E280-5F2E-417A-8696-EE5B2344F3B7}.Debug|Any CPU.Build.0 = Debug|Any CPU
		{0F01E280-5F2E-417A-8696-EE5B2344F3B7}.Release|Any CPU.ActiveCfg = Release|Any CPU
		{0F01E280-5F2E-417A-8696-EE5B2344F3B7}.Release|Any CPU.Build.0 = Release|Any CPU
		{50A1EA63-F590-45F1-B2AD-BA34BC5C5C1F}.Debug|Any CPU.ActiveCfg = Debug|Any CPU
		{50A1EA63-F590-45F1-B2AD-BA34BC5C5C1F}.Debug|Any CPU.Build.0 = Debug|Any CPU
		{50A1EA63-F590-45F1-B2AD-BA34BC5C5C1F}.Release|Any CPU.ActiveCfg = Release|Any CPU
		{50A1EA63-F590-45F1-B2AD-BA34BC5C5C1F}.Release|Any CPU.Build.0 = Release|Any CPU
	EndGlobalSection
	GlobalSection(SolutionProperties) = preSolution
		HideSolutionNode = FALSE
	EndGlobalSection
	GlobalSection(ExtensibilityGlobals) = postSolution
		SolutionGuid = {C4496DAA-3514-4497-AD43-2E3820EE514D}
	EndGlobalSection
EndGlobal
